// !$*UTF8*$!
{
	archiveVersion = 1;
	classes = {
	};
	objectVersion = 50;
	objects = {

/* Begin PBXBuildFile section */
		5B38FF562412BE42009F3B0A /* NetworkManager.swift in Sources */ = {isa = PBXBuildFile; fileRef = 5B38FF552412BE42009F3B0A /* NetworkManager.swift */; };
		5B38FF592412C12B009F3B0A /* User.swift in Sources */ = {isa = PBXBuildFile; fileRef = 5B38FF582412C12B009F3B0A /* User.swift */; };
		5B67226E242BCB980038749C /* UIViewController+Extension.swift in Sources */ = {isa = PBXBuildFile; fileRef = 5B67226D242BCB980038749C /* UIViewController+Extension.swift */; };
		5B740F3E241BD85E008E093E /* ScanQRViewController.swift in Sources */ = {isa = PBXBuildFile; fileRef = 5B740F3D241BD85E008E093E /* ScanQRViewController.swift */; };
		5B861793241695820031B776 /* MainTabBarController.swift in Sources */ = {isa = PBXBuildFile; fileRef = 5B861792241695820031B776 /* MainTabBarController.swift */; };
		5B861795241695CB0031B776 /* MainViewController.swift in Sources */ = {isa = PBXBuildFile; fileRef = 5B861794241695CB0031B776 /* MainViewController.swift */; };
		5B861797241696AE0031B776 /* QueueViewController.swift in Sources */ = {isa = PBXBuildFile; fileRef = 5B861796241696AE0031B776 /* QueueViewController.swift */; };
		5B861799241697980031B776 /* ControlViewController.swift in Sources */ = {isa = PBXBuildFile; fileRef = 5B861798241697980031B776 /* ControlViewController.swift */; };
		5B86179B2416A1660031B776 /* Queue.swift in Sources */ = {isa = PBXBuildFile; fileRef = 5B86179A2416A1660031B776 /* Queue.swift */; };
		5B86179D2416A3D00031B776 /* QueueItemTableViewCell.swift in Sources */ = {isa = PBXBuildFile; fileRef = 5B86179C2416A3D00031B776 /* QueueItemTableViewCell.swift */; };
		5B8617A22417F1460031B776 /* QueueTableViewCell.swift in Sources */ = {isa = PBXBuildFile; fileRef = 5B8617A12417F1460031B776 /* QueueTableViewCell.swift */; };
		5B8617A42417FE5C0031B776 /* OwnCreatedQueueItemTableViewCell.swift in Sources */ = {isa = PBXBuildFile; fileRef = 5B8617A32417FE5C0031B776 /* OwnCreatedQueueItemTableViewCell.swift */; };
		5B91A8B024116AAC005A23DB /* AppDelegate.swift in Sources */ = {isa = PBXBuildFile; fileRef = 5B91A8AF24116AAC005A23DB /* AppDelegate.swift */; };
		5B91A8B224116AAC005A23DB /* SceneDelegate.swift in Sources */ = {isa = PBXBuildFile; fileRef = 5B91A8B124116AAC005A23DB /* SceneDelegate.swift */; };
		5B91A8B924116AAF005A23DB /* Assets.xcassets in Resources */ = {isa = PBXBuildFile; fileRef = 5B91A8B824116AAF005A23DB /* Assets.xcassets */; };
		5B91A8D424116AF2005A23DB /* UIImageView+Extension.swift in Sources */ = {isa = PBXBuildFile; fileRef = 5B91A8C424116AF2005A23DB /* UIImageView+Extension.swift */; };
		5B91A8D524116AF2005A23DB /* UIFont+Extension.swift in Sources */ = {isa = PBXBuildFile; fileRef = 5B91A8C524116AF2005A23DB /* UIFont+Extension.swift */; };
		5B91A8D624116AF2005A23DB /* UIColor+Extension.swift in Sources */ = {isa = PBXBuildFile; fileRef = 5B91A8C624116AF2005A23DB /* UIColor+Extension.swift */; };
		5B91A8D724116AF2005A23DB /* UILabel+Extension.swift in Sources */ = {isa = PBXBuildFile; fileRef = 5B91A8C724116AF2005A23DB /* UILabel+Extension.swift */; };
		5B91A8D824116AF2005A23DB /* UIButton+Extension.swift in Sources */ = {isa = PBXBuildFile; fileRef = 5B91A8C824116AF2005A23DB /* UIButton+Extension.swift */; };
		5B91A8D924116AF2005A23DB /* UIStackView+Extension.swift in Sources */ = {isa = PBXBuildFile; fileRef = 5B91A8C924116AF2005A23DB /* UIStackView+Extension.swift */; };
		5B91A8DA24116AF2005A23DB /* AuthNavigatingDelegate.swift in Sources */ = {isa = PBXBuildFile; fileRef = 5B91A8CB24116AF2005A23DB /* AuthNavigatingDelegate.swift */; };
		5B91A8DB24116AF2005A23DB /* OneLineTextField.swift in Sources */ = {isa = PBXBuildFile; fileRef = 5B91A8CD24116AF2005A23DB /* OneLineTextField.swift */; };
		5B91A8DC24116AF2005A23DB /* ButtonFormView.swift in Sources */ = {isa = PBXBuildFile; fileRef = 5B91A8CE24116AF2005A23DB /* ButtonFormView.swift */; };
		5B91A8DD24116AF2005A23DB /* SignUpViewController.swift in Sources */ = {isa = PBXBuildFile; fileRef = 5B91A8D124116AF2005A23DB /* SignUpViewController.swift */; };
		5B91A8DE24116AF2005A23DB /* AuthViewController.swift in Sources */ = {isa = PBXBuildFile; fileRef = 5B91A8D224116AF2005A23DB /* AuthViewController.swift */; };
		5B91A8DF24116AF2005A23DB /* LoginViewController.swift in Sources */ = {isa = PBXBuildFile; fileRef = 5B91A8D324116AF2005A23DB /* LoginViewController.swift */; };
		5BB7ADC824194CF4008C21DD /* CreateQueueViewController.swift in Sources */ = {isa = PBXBuildFile; fileRef = 5BB7ADC724194CF4008C21DD /* CreateQueueViewController.swift */; };
		5BB7ADCA24194ED8008C21DD /* TextFieldFormView.swift in Sources */ = {isa = PBXBuildFile; fileRef = 5BB7ADC924194ED8008C21DD /* TextFieldFormView.swift */; };
		5BD60929242275440050CB47 /* DateFormatter+Extension.swift in Sources */ = {isa = PBXBuildFile; fileRef = 5BD60928242275440050CB47 /* DateFormatter+Extension.swift */; };
/* End PBXBuildFile section */

/* Begin PBXFileReference section */
		5B38FF552412BE42009F3B0A /* NetworkManager.swift */ = {isa = PBXFileReference; lastKnownFileType = sourcecode.swift; path = NetworkManager.swift; sourceTree = "<group>"; };
		5B38FF582412C12B009F3B0A /* User.swift */ = {isa = PBXFileReference; lastKnownFileType = sourcecode.swift; path = User.swift; sourceTree = "<group>"; };
		5B67226D242BCB980038749C /* UIViewController+Extension.swift */ = {isa = PBXFileReference; lastKnownFileType = sourcecode.swift; path = "UIViewController+Extension.swift"; sourceTree = "<group>"; };
		5B740F3D241BD85E008E093E /* ScanQRViewController.swift */ = {isa = PBXFileReference; lastKnownFileType = sourcecode.swift; path = ScanQRViewController.swift; sourceTree = "<group>"; };
		5B861792241695820031B776 /* MainTabBarController.swift */ = {isa = PBXFileReference; lastKnownFileType = sourcecode.swift; path = MainTabBarController.swift; sourceTree = "<group>"; };
		5B861794241695CB0031B776 /* MainViewController.swift */ = {isa = PBXFileReference; lastKnownFileType = sourcecode.swift; path = MainViewController.swift; sourceTree = "<group>"; };
		5B861796241696AE0031B776 /* QueueViewController.swift */ = {isa = PBXFileReference; lastKnownFileType = sourcecode.swift; path = QueueViewController.swift; sourceTree = "<group>"; };
		5B861798241697980031B776 /* ControlViewController.swift */ = {isa = PBXFileReference; lastKnownFileType = sourcecode.swift; path = ControlViewController.swift; sourceTree = "<group>"; };
		5B86179A2416A1660031B776 /* Queue.swift */ = {isa = PBXFileReference; lastKnownFileType = sourcecode.swift; path = Queue.swift; sourceTree = "<group>"; };
		5B86179C2416A3D00031B776 /* QueueItemTableViewCell.swift */ = {isa = PBXFileReference; lastKnownFileType = sourcecode.swift; path = QueueItemTableViewCell.swift; sourceTree = "<group>"; };
		5B8617A12417F1460031B776 /* QueueTableViewCell.swift */ = {isa = PBXFileReference; lastKnownFileType = sourcecode.swift; path = QueueTableViewCell.swift; sourceTree = "<group>"; };
		5B8617A32417FE5C0031B776 /* OwnCreatedQueueItemTableViewCell.swift */ = {isa = PBXFileReference; lastKnownFileType = sourcecode.swift; path = OwnCreatedQueueItemTableViewCell.swift; sourceTree = "<group>"; };
		5B91A8AC24116AAC005A23DB /* eQueue.app */ = {isa = PBXFileReference; explicitFileType = wrapper.application; includeInIndex = 0; path = eQueue.app; sourceTree = BUILT_PRODUCTS_DIR; };
		5B91A8AF24116AAC005A23DB /* AppDelegate.swift */ = {isa = PBXFileReference; lastKnownFileType = sourcecode.swift; path = AppDelegate.swift; sourceTree = "<group>"; };
		5B91A8B124116AAC005A23DB /* SceneDelegate.swift */ = {isa = PBXFileReference; lastKnownFileType = sourcecode.swift; path = SceneDelegate.swift; sourceTree = "<group>"; };
		5B91A8B824116AAF005A23DB /* Assets.xcassets */ = {isa = PBXFileReference; lastKnownFileType = folder.assetcatalog; path = Assets.xcassets; sourceTree = "<group>"; };
		5B91A8BD24116AAF005A23DB /* Info.plist */ = {isa = PBXFileReference; lastKnownFileType = text.plist.xml; path = Info.plist; sourceTree = "<group>"; };
		5B91A8C424116AF2005A23DB /* UIImageView+Extension.swift */ = {isa = PBXFileReference; fileEncoding = 4; lastKnownFileType = sourcecode.swift; name = "UIImageView+Extension.swift"; path = "../UIImageView+Extension.swift"; sourceTree = "<group>"; };
		5B91A8C524116AF2005A23DB /* UIFont+Extension.swift */ = {isa = PBXFileReference; fileEncoding = 4; lastKnownFileType = sourcecode.swift; name = "UIFont+Extension.swift"; path = "../UIFont+Extension.swift"; sourceTree = "<group>"; };
		5B91A8C624116AF2005A23DB /* UIColor+Extension.swift */ = {isa = PBXFileReference; fileEncoding = 4; lastKnownFileType = sourcecode.swift; name = "UIColor+Extension.swift"; path = "../UIColor+Extension.swift"; sourceTree = "<group>"; };
		5B91A8C724116AF2005A23DB /* UILabel+Extension.swift */ = {isa = PBXFileReference; fileEncoding = 4; lastKnownFileType = sourcecode.swift; name = "UILabel+Extension.swift"; path = "../UILabel+Extension.swift"; sourceTree = "<group>"; };
		5B91A8C824116AF2005A23DB /* UIButton+Extension.swift */ = {isa = PBXFileReference; fileEncoding = 4; lastKnownFileType = sourcecode.swift; name = "UIButton+Extension.swift"; path = "../UIButton+Extension.swift"; sourceTree = "<group>"; };
		5B91A8C924116AF2005A23DB /* UIStackView+Extension.swift */ = {isa = PBXFileReference; fileEncoding = 4; lastKnownFileType = sourcecode.swift; name = "UIStackView+Extension.swift"; path = "../UIStackView+Extension.swift"; sourceTree = "<group>"; };
		5B91A8CB24116AF2005A23DB /* AuthNavigatingDelegate.swift */ = {isa = PBXFileReference; fileEncoding = 4; lastKnownFileType = sourcecode.swift; path = AuthNavigatingDelegate.swift; sourceTree = "<group>"; };
		5B91A8CD24116AF2005A23DB /* OneLineTextField.swift */ = {isa = PBXFileReference; fileEncoding = 4; lastKnownFileType = sourcecode.swift; path = OneLineTextField.swift; sourceTree = "<group>"; };
		5B91A8CE24116AF2005A23DB /* ButtonFormView.swift */ = {isa = PBXFileReference; fileEncoding = 4; lastKnownFileType = sourcecode.swift; path = ButtonFormView.swift; sourceTree = "<group>"; };
		5B91A8D124116AF2005A23DB /* SignUpViewController.swift */ = {isa = PBXFileReference; fileEncoding = 4; lastKnownFileType = sourcecode.swift; path = SignUpViewController.swift; sourceTree = "<group>"; };
		5B91A8D224116AF2005A23DB /* AuthViewController.swift */ = {isa = PBXFileReference; fileEncoding = 4; lastKnownFileType = sourcecode.swift; path = AuthViewController.swift; sourceTree = "<group>"; };
		5B91A8D324116AF2005A23DB /* LoginViewController.swift */ = {isa = PBXFileReference; fileEncoding = 4; lastKnownFileType = sourcecode.swift; path = LoginViewController.swift; sourceTree = "<group>"; };
		5BB7ADC724194CF4008C21DD /* CreateQueueViewController.swift */ = {isa = PBXFileReference; lastKnownFileType = sourcecode.swift; path = CreateQueueViewController.swift; sourceTree = "<group>"; };
		5BB7ADC924194ED8008C21DD /* TextFieldFormView.swift */ = {isa = PBXFileReference; lastKnownFileType = sourcecode.swift; path = TextFieldFormView.swift; sourceTree = "<group>"; };
		5BD60928242275440050CB47 /* DateFormatter+Extension.swift */ = {isa = PBXFileReference; lastKnownFileType = sourcecode.swift; path = "DateFormatter+Extension.swift"; sourceTree = "<group>"; };
/* End PBXFileReference section */

/* Begin PBXFrameworksBuildPhase section */
		5B91A8A924116AAC005A23DB /* Frameworks */ = {
			isa = PBXFrameworksBuildPhase;
			buildActionMask = 2147483647;
			files = (
			);
			runOnlyForDeploymentPostprocessing = 0;
		};
/* End PBXFrameworksBuildPhase section */

/* Begin PBXGroup section */
		5B38FF5324116FE1009F3B0A /* Resources */ = {
			isa = PBXGroup;
			children = (
				5B91A8B824116AAF005A23DB /* Assets.xcassets */,
			);
			path = Resources;
			sourceTree = "<group>";
		};
		5B38FF542412BE2F009F3B0A /* Managers */ = {
			isa = PBXGroup;
			children = (
				5B38FF552412BE42009F3B0A /* NetworkManager.swift */,
			);
			path = Managers;
			sourceTree = "<group>";
		};
		5B38FF572412C11E009F3B0A /* Models */ = {
			isa = PBXGroup;
			children = (
				5B86179A2416A1660031B776 /* Queue.swift */,
				5B38FF582412C12B009F3B0A /* User.swift */,
			);
			path = Models;
			sourceTree = "<group>";
		};
		5B8617A02417F1280031B776 /* Cells */ = {
			isa = PBXGroup;
			children = (
				5B86179C2416A3D00031B776 /* QueueItemTableViewCell.swift */,
				5B8617A12417F1460031B776 /* QueueTableViewCell.swift */,
				5B8617A32417FE5C0031B776 /* OwnCreatedQueueItemTableViewCell.swift */,
			);
			path = Cells;
			sourceTree = "<group>";
		};
		5B91A8A324116AAC005A23DB = {
			isa = PBXGroup;
			children = (
				5B91A8AE24116AAC005A23DB /* eQueue */,
				5B91A8AD24116AAC005A23DB /* Products */,
			);
			sourceTree = "<group>";
		};
		5B91A8AD24116AAC005A23DB /* Products */ = {
			isa = PBXGroup;
			children = (
				5B91A8AC24116AAC005A23DB /* eQueue.app */,
			);
			name = Products;
			sourceTree = "<group>";
		};
		5B91A8AE24116AAC005A23DB /* eQueue */ = {
			isa = PBXGroup;
			children = (
				5B91A8E024116B08005A23DB /* App */,
				5B91A8CF24116AF2005A23DB /* Controllers */,
				5B91A8C324116AF2005A23DB /* Extensions */,
				5B38FF542412BE2F009F3B0A /* Managers */,
				5B38FF572412C11E009F3B0A /* Models */,
				5B91A8CA24116AF2005A23DB /* Protocols */,
				5B38FF5324116FE1009F3B0A /* Resources */,
				5B91A8CC24116AF2005A23DB /* Views */,
			);
			path = eQueue;
			sourceTree = "<group>";
		};
		5B91A8C324116AF2005A23DB /* Extensions */ = {
			isa = PBXGroup;
			children = (
				5BD60927242274DC0050CB47 /* UIKit */,
				5BD60928242275440050CB47 /* DateFormatter+Extension.swift */,
			);
			path = Extensions;
			sourceTree = "<group>";
		};
		5B91A8CA24116AF2005A23DB /* Protocols */ = {
			isa = PBXGroup;
			children = (
				5B91A8CB24116AF2005A23DB /* AuthNavigatingDelegate.swift */,
			);
			path = Protocols;
			sourceTree = "<group>";
		};
		5B91A8CC24116AF2005A23DB /* Views */ = {
			isa = PBXGroup;
			children = (
				5B91A8CE24116AF2005A23DB /* ButtonFormView.swift */,
				5B91A8CD24116AF2005A23DB /* OneLineTextField.swift */,
				5BB7ADC924194ED8008C21DD /* TextFieldFormView.swift */,
				5B8617A02417F1280031B776 /* Cells */,
			);
			path = Views;
			sourceTree = "<group>";
		};
		5B91A8CF24116AF2005A23DB /* Controllers */ = {
			isa = PBXGroup;
			children = (
				5B91A8D024116AF2005A23DB /* Auth&SignUp */,
				5B861794241695CB0031B776 /* MainViewController.swift */,
				5B740F3D241BD85E008E093E /* ScanQRViewController.swift */,
				5BB7ADC724194CF4008C21DD /* CreateQueueViewController.swift */,
				5B861796241696AE0031B776 /* QueueViewController.swift */,
				5B861798241697980031B776 /* ControlViewController.swift */,
				5B861792241695820031B776 /* MainTabBarController.swift */,
			);
			path = Controllers;
			sourceTree = "<group>";
		};
		5B91A8D024116AF2005A23DB /* Auth&SignUp */ = {
			isa = PBXGroup;
			children = (
				5B91A8D224116AF2005A23DB /* AuthViewController.swift */,
				5B91A8D324116AF2005A23DB /* LoginViewController.swift */,
				5B91A8D124116AF2005A23DB /* SignUpViewController.swift */,
			);
			path = "Auth&SignUp";
			sourceTree = "<group>";
		};
		5B91A8E024116B08005A23DB /* App */ = {
			isa = PBXGroup;
			children = (
				5B91A8AF24116AAC005A23DB /* AppDelegate.swift */,
				5B91A8B124116AAC005A23DB /* SceneDelegate.swift */,
				5B91A8BD24116AAF005A23DB /* Info.plist */,
			);
			path = App;
			sourceTree = "<group>";
		};
		5BD60927242274DC0050CB47 /* UIKit */ = {
			isa = PBXGroup;
			children = (
				5B91A8C824116AF2005A23DB /* UIButton+Extension.swift */,
				5B91A8C624116AF2005A23DB /* UIColor+Extension.swift */,
				5B91A8C524116AF2005A23DB /* UIFont+Extension.swift */,
				5B91A8C424116AF2005A23DB /* UIImageView+Extension.swift */,
				5B91A8C724116AF2005A23DB /* UILabel+Extension.swift */,
				5B91A8C924116AF2005A23DB /* UIStackView+Extension.swift */,
				5B67226D242BCB980038749C /* UIViewController+Extension.swift */,
			);
			path = UIKit;
			sourceTree = "<group>";
		};
/* End PBXGroup section */

/* Begin PBXNativeTarget section */
		5B91A8AB24116AAC005A23DB /* eQueue */ = {
			isa = PBXNativeTarget;
			buildConfigurationList = 5B91A8C024116AAF005A23DB /* Build configuration list for PBXNativeTarget "eQueue" */;
			buildPhases = (
				5B91A8A824116AAC005A23DB /* Sources */,
				5B91A8A924116AAC005A23DB /* Frameworks */,
				5B91A8AA24116AAC005A23DB /* Resources */,
			);
			buildRules = (
			);
			dependencies = (
			);
			name = eQueue;
			productName = eQueue;
			productReference = 5B91A8AC24116AAC005A23DB /* eQueue.app */;
			productType = "com.apple.product-type.application";
		};
/* End PBXNativeTarget section */

/* Begin PBXProject section */
		5B91A8A424116AAC005A23DB /* Project object */ = {
			isa = PBXProject;
			attributes = {
				LastSwiftUpdateCheck = 1120;
				LastUpgradeCheck = 1120;
				ORGANIZATIONNAME = "Georgii Kashin";
				TargetAttributes = {
					5B91A8AB24116AAC005A23DB = {
						CreatedOnToolsVersion = 11.2.1;
					};
				};
			};
			buildConfigurationList = 5B91A8A724116AAC005A23DB /* Build configuration list for PBXProject "eQueue" */;
			compatibilityVersion = "Xcode 9.3";
			developmentRegion = en;
			hasScannedForEncodings = 0;
			knownRegions = (
				en,
				Base,
			);
			mainGroup = 5B91A8A324116AAC005A23DB;
			productRefGroup = 5B91A8AD24116AAC005A23DB /* Products */;
			projectDirPath = "";
			projectRoot = "";
			targets = (
				5B91A8AB24116AAC005A23DB /* eQueue */,
			);
		};
/* End PBXProject section */

/* Begin PBXResourcesBuildPhase section */
		5B91A8AA24116AAC005A23DB /* Resources */ = {
			isa = PBXResourcesBuildPhase;
			buildActionMask = 2147483647;
			files = (
				5B91A8B924116AAF005A23DB /* Assets.xcassets in Resources */,
			);
			runOnlyForDeploymentPostprocessing = 0;
		};
/* End PBXResourcesBuildPhase section */

/* Begin PBXSourcesBuildPhase section */
		5B91A8A824116AAC005A23DB /* Sources */ = {
			isa = PBXSourcesBuildPhase;
			buildActionMask = 2147483647;
			files = (
				5B861797241696AE0031B776 /* QueueViewController.swift in Sources */,
				5B86179B2416A1660031B776 /* Queue.swift in Sources */,
				5B91A8B024116AAC005A23DB /* AppDelegate.swift in Sources */,
				5B91A8DA24116AF2005A23DB /* AuthNavigatingDelegate.swift in Sources */,
				5B67226E242BCB980038749C /* UIViewController+Extension.swift in Sources */,
				5B91A8DF24116AF2005A23DB /* LoginViewController.swift in Sources */,
				5B8617A22417F1460031B776 /* QueueTableViewCell.swift in Sources */,
				5B91A8D424116AF2005A23DB /* UIImageView+Extension.swift in Sources */,
				5B38FF592412C12B009F3B0A /* User.swift in Sources */,
				5BB7ADCA24194ED8008C21DD /* TextFieldFormView.swift in Sources */,
				5B91A8D724116AF2005A23DB /* UILabel+Extension.swift in Sources */,
				5BD60929242275440050CB47 /* DateFormatter+Extension.swift in Sources */,
				5B91A8D624116AF2005A23DB /* UIColor+Extension.swift in Sources */,
				5B91A8DC24116AF2005A23DB /* ButtonFormView.swift in Sources */,
				5B91A8DB24116AF2005A23DB /* OneLineTextField.swift in Sources */,
				5B91A8D924116AF2005A23DB /* UIStackView+Extension.swift in Sources */,
				5B91A8D824116AF2005A23DB /* UIButton+Extension.swift in Sources */,
				5B91A8DE24116AF2005A23DB /* AuthViewController.swift in Sources */,
				5B91A8D524116AF2005A23DB /* UIFont+Extension.swift in Sources */,
				5B38FF562412BE42009F3B0A /* NetworkManager.swift in Sources */,
				5B91A8DD24116AF2005A23DB /* SignUpViewController.swift in Sources */,
				5B861795241695CB0031B776 /* MainViewController.swift in Sources */,
				5B740F3E241BD85E008E093E /* ScanQRViewController.swift in Sources */,
				5B86179D2416A3D00031B776 /* QueueItemTableViewCell.swift in Sources */,
				5B8617A42417FE5C0031B776 /* OwnCreatedQueueItemTableViewCell.swift in Sources */,
				5BB7ADC824194CF4008C21DD /* CreateQueueViewController.swift in Sources */,
				5B91A8B224116AAC005A23DB /* SceneDelegate.swift in Sources */,
				5B861799241697980031B776 /* ControlViewController.swift in Sources */,
				5B861793241695820031B776 /* MainTabBarController.swift in Sources */,
			);
			runOnlyForDeploymentPostprocessing = 0;
		};
/* End PBXSourcesBuildPhase section */

/* Begin XCBuildConfiguration section */
		5B91A8BE24116AAF005A23DB /* Debug */ = {
			isa = XCBuildConfiguration;
			buildSettings = {
				ALWAYS_SEARCH_USER_PATHS = NO;
				CLANG_ANALYZER_NONNULL = YES;
				CLANG_ANALYZER_NUMBER_OBJECT_CONVERSION = YES_AGGRESSIVE;
				CLANG_CXX_LANGUAGE_STANDARD = "gnu++14";
				CLANG_CXX_LIBRARY = "libc++";
				CLANG_ENABLE_MODULES = YES;
				CLANG_ENABLE_OBJC_ARC = YES;
				CLANG_ENABLE_OBJC_WEAK = YES;
				CLANG_WARN_BLOCK_CAPTURE_AUTORELEASING = YES;
				CLANG_WARN_BOOL_CONVERSION = YES;
				CLANG_WARN_COMMA = YES;
				CLANG_WARN_CONSTANT_CONVERSION = YES;
				CLANG_WARN_DEPRECATED_OBJC_IMPLEMENTATIONS = YES;
				CLANG_WARN_DIRECT_OBJC_ISA_USAGE = YES_ERROR;
				CLANG_WARN_DOCUMENTATION_COMMENTS = YES;
				CLANG_WARN_EMPTY_BODY = YES;
				CLANG_WARN_ENUM_CONVERSION = YES;
				CLANG_WARN_INFINITE_RECURSION = YES;
				CLANG_WARN_INT_CONVERSION = YES;
				CLANG_WARN_NON_LITERAL_NULL_CONVERSION = YES;
				CLANG_WARN_OBJC_IMPLICIT_RETAIN_SELF = YES;
				CLANG_WARN_OBJC_LITERAL_CONVERSION = YES;
				CLANG_WARN_OBJC_ROOT_CLASS = YES_ERROR;
				CLANG_WARN_RANGE_LOOP_ANALYSIS = YES;
				CLANG_WARN_STRICT_PROTOTYPES = YES;
				CLANG_WARN_SUSPICIOUS_MOVE = YES;
				CLANG_WARN_UNGUARDED_AVAILABILITY = YES_AGGRESSIVE;
				CLANG_WARN_UNREACHABLE_CODE = YES;
				CLANG_WARN__DUPLICATE_METHOD_MATCH = YES;
				COPY_PHASE_STRIP = NO;
				DEBUG_INFORMATION_FORMAT = dwarf;
				ENABLE_STRICT_OBJC_MSGSEND = YES;
				ENABLE_TESTABILITY = YES;
				GCC_C_LANGUAGE_STANDARD = gnu11;
				GCC_DYNAMIC_NO_PIC = NO;
				GCC_NO_COMMON_BLOCKS = YES;
				GCC_OPTIMIZATION_LEVEL = 0;
				GCC_PREPROCESSOR_DEFINITIONS = (
					"DEBUG=1",
					"$(inherited)",
				);
				GCC_WARN_64_TO_32_BIT_CONVERSION = YES;
				GCC_WARN_ABOUT_RETURN_TYPE = YES_ERROR;
				GCC_WARN_UNDECLARED_SELECTOR = YES;
				GCC_WARN_UNINITIALIZED_AUTOS = YES_AGGRESSIVE;
				GCC_WARN_UNUSED_FUNCTION = YES;
				GCC_WARN_UNUSED_VARIABLE = YES;
				IPHONEOS_DEPLOYMENT_TARGET = 13.2;
				MTL_ENABLE_DEBUG_INFO = INCLUDE_SOURCE;
				MTL_FAST_MATH = YES;
				ONLY_ACTIVE_ARCH = YES;
				SDKROOT = iphoneos;
				SWIFT_ACTIVE_COMPILATION_CONDITIONS = DEBUG;
				SWIFT_OPTIMIZATION_LEVEL = "-Onone";
			};
			name = Debug;
		};
		5B91A8BF24116AAF005A23DB /* Release */ = {
			isa = XCBuildConfiguration;
			buildSettings = {
				ALWAYS_SEARCH_USER_PATHS = NO;
				CLANG_ANALYZER_NONNULL = YES;
				CLANG_ANALYZER_NUMBER_OBJECT_CONVERSION = YES_AGGRESSIVE;
				CLANG_CXX_LANGUAGE_STANDARD = "gnu++14";
				CLANG_CXX_LIBRARY = "libc++";
				CLANG_ENABLE_MODULES = YES;
				CLANG_ENABLE_OBJC_ARC = YES;
				CLANG_ENABLE_OBJC_WEAK = YES;
				CLANG_WARN_BLOCK_CAPTURE_AUTORELEASING = YES;
				CLANG_WARN_BOOL_CONVERSION = YES;
				CLANG_WARN_COMMA = YES;
				CLANG_WARN_CONSTANT_CONVERSION = YES;
				CLANG_WARN_DEPRECATED_OBJC_IMPLEMENTATIONS = YES;
				CLANG_WARN_DIRECT_OBJC_ISA_USAGE = YES_ERROR;
				CLANG_WARN_DOCUMENTATION_COMMENTS = YES;
				CLANG_WARN_EMPTY_BODY = YES;
				CLANG_WARN_ENUM_CONVERSION = YES;
				CLANG_WARN_INFINITE_RECURSION = YES;
				CLANG_WARN_INT_CONVERSION = YES;
				CLANG_WARN_NON_LITERAL_NULL_CONVERSION = YES;
				CLANG_WARN_OBJC_IMPLICIT_RETAIN_SELF = YES;
				CLANG_WARN_OBJC_LITERAL_CONVERSION = YES;
				CLANG_WARN_OBJC_ROOT_CLASS = YES_ERROR;
				CLANG_WARN_RANGE_LOOP_ANALYSIS = YES;
				CLANG_WARN_STRICT_PROTOTYPES = YES;
				CLANG_WARN_SUSPICIOUS_MOVE = YES;
				CLANG_WARN_UNGUARDED_AVAILABILITY = YES_AGGRESSIVE;
				CLANG_WARN_UNREACHABLE_CODE = YES;
				CLANG_WARN__DUPLICATE_METHOD_MATCH = YES;
				COPY_PHASE_STRIP = NO;
				DEBUG_INFORMATION_FORMAT = "dwarf-with-dsym";
				ENABLE_NS_ASSERTIONS = NO;
				ENABLE_STRICT_OBJC_MSGSEND = YES;
				GCC_C_LANGUAGE_STANDARD = gnu11;
				GCC_NO_COMMON_BLOCKS = YES;
				GCC_WARN_64_TO_32_BIT_CONVERSION = YES;
				GCC_WARN_ABOUT_RETURN_TYPE = YES_ERROR;
				GCC_WARN_UNDECLARED_SELECTOR = YES;
				GCC_WARN_UNINITIALIZED_AUTOS = YES_AGGRESSIVE;
				GCC_WARN_UNUSED_FUNCTION = YES;
				GCC_WARN_UNUSED_VARIABLE = YES;
				IPHONEOS_DEPLOYMENT_TARGET = 13.2;
				MTL_ENABLE_DEBUG_INFO = NO;
				MTL_FAST_MATH = YES;
				SDKROOT = iphoneos;
				SWIFT_COMPILATION_MODE = wholemodule;
				SWIFT_OPTIMIZATION_LEVEL = "-O";
				VALIDATE_PRODUCT = YES;
			};
			name = Release;
		};
		5B91A8C124116AAF005A23DB /* Debug */ = {
			isa = XCBuildConfiguration;
			buildSettings = {
				ASSETCATALOG_COMPILER_APPICON_NAME = AppIcon;
				CODE_SIGN_STYLE = Automatic;
				DEVELOPMENT_TEAM = 73A856J95H;
				INFOPLIST_FILE = "$(SRCROOT)/eQueue/App/Info.plist";
				LD_RUNPATH_SEARCH_PATHS = (
					"$(inherited)",
					"@executable_path/Frameworks",
				);
				PRODUCT_BUNDLE_IDENTIFIER = com.gkashin.eQueue;
				PRODUCT_NAME = "$(TARGET_NAME)";
				SWIFT_VERSION = 5.0;
				TARGETED_DEVICE_FAMILY = 1;
			};
			name = Debug;
		};
		5B91A8C224116AAF005A23DB /* Release */ = {
			isa = XCBuildConfiguration;
			buildSettings = {
				ASSETCATALOG_COMPILER_APPICON_NAME = AppIcon;
				CODE_SIGN_STYLE = Automatic;
				DEVELOPMENT_TEAM = 73A856J95H;
				INFOPLIST_FILE = "$(SRCROOT)/eQueue/App/Info.plist";
				LD_RUNPATH_SEARCH_PATHS = (
					"$(inherited)",
					"@executable_path/Frameworks",
				);
				PRODUCT_BUNDLE_IDENTIFIER = com.gkashin.eQueue;
				PRODUCT_NAME = "$(TARGET_NAME)";
				SWIFT_VERSION = 5.0;
				TARGETED_DEVICE_FAMILY = 1;
			};
			name = Release;
		};
/* End XCBuildConfiguration section */

/* Begin XCConfigurationList section */
		5B91A8A724116AAC005A23DB /* Build configuration list for PBXProject "eQueue" */ = {
			isa = XCConfigurationList;
			buildConfigurations = (
				5B91A8BE24116AAF005A23DB /* Debug */,
				5B91A8BF24116AAF005A23DB /* Release */,
			);
			defaultConfigurationIsVisible = 0;
			defaultConfigurationName = Release;
		};
		5B91A8C024116AAF005A23DB /* Build configuration list for PBXNativeTarget "eQueue" */ = {
			isa = XCConfigurationList;
			buildConfigurations = (
				5B91A8C124116AAF005A23DB /* Debug */,
				5B91A8C224116AAF005A23DB /* Release */,
			);
			defaultConfigurationIsVisible = 0;
			defaultConfigurationName = Release;
		};
/* End XCConfigurationList section */
	};
	rootObject = 5B91A8A424116AAC005A23DB /* Project object */;
}
